{
  "nodes": {
    "fenix": {
      "inputs": {
        "nixpkgs": [
          "nixpkgs"
        ],
        "rust-analyzer-src": "rust-analyzer-src"
      },
      "locked": {
        "lastModified": 1662791549,
        "narHash": "sha256-ikU7ceIhYwQpAdp4lGzyZT9+vgeckuPJoVu/JEERa2Y=",
        "owner": "nix-community",
        "repo": "fenix",
        "rev": "55a2d8bdb7c48a704353a0e82d1163ee4b9b2aed",
        "type": "github"
      },
      "original": {
        "owner": "nix-community",
        "repo": "fenix",
        "type": "github"
      }
    },
    "flake-utils": {
      "locked": {
        "lastModified": 1659877975,
        "narHash": "sha256-zllb8aq3YO3h8B/U0/J1WBgAL8EX5yWf5pMj3G0NAmc=",
        "owner": "numtide",
        "repo": "flake-utils",
        "rev": "c0e246b9b83f637f4681389ecabcb2681b4f3af0",
        "type": "github"
      },
      "original": {
        "owner": "numtide",
        "repo": "flake-utils",
        "type": "github"
      }
    },
    "nixpkgs": {
      "locked": {
        "lastModified": 1662738181,
        "narHash": "sha256-lYH8WvsGMRlHOyw34g2k2xdhIrv7eRISBlg6rtITadE=",
        "owner": "nixos",
        "repo": "nixpkgs",
        "rev": "7d0c550b038ab67a0125e97ef988ccef7a653aa0",
        "type": "github"
      },
      "original": {
        "owner": "nixos",
        "repo": "nixpkgs",
        "type": "github"
      }
    },
    "root": {
      "inputs": {
        "fenix": "fenix",
        "flake-utils": "flake-utils",
        "nixpkgs": "nixpkgs"
      }
    },
    "rust-analyzer-src": {
      "flake": false,
      "locked": {
        "lastModified": 1662696920,
        "narHash": "sha256-Hq2oeQzWBPowfhlVoTc42nT8WxmDFsJ6oykWdkvPa0s=",
        "owner": "rust-lang",
        "repo": "rust-analyzer",
        "rev": "b7e8b9a6b8f25f269bc141f2749555418ab0f370",
        "type": "github"
      },
      "original": {
        "owner": "rust-lang",
        "ref": "nightly",
        "repo": "rust-analyzer",
        "type": "github"
      }
    }
  },
  "root": "root",
  "version": 7
}
